
Microsoft Visual Studio Solution File, Format Version 12.00
# Visual Studio Version 16
VisualStudioVersion = 16.0.29519.87
MinimumVisualStudioVersion = 10.0.40219.1
Project("{FAE04EC0-301F-11D3-BF4B-00C04F79EFBC}") = "rtxon", "rtxon.csproj", "{D1C834CC-F067-4F59-B3C3-F877D9FE712E}"
EndProject
Global
	GlobalSection(SolutionConfigurationPlatforms) = preSolution
		Debug|Any CPU = Debug|Any CPU
		Release|Any CPU = Release|Any CPU
	EndGlobalSection
	GlobalSection(ProjectConfigurationPlatforms) = postSolution
		{D1C834CC-F067-4F59-B3C3-F877D9FE712E}.Debug|Any CPU.ActiveCfg = Debug|Any CPU
		{D1C834CC-F067-4F59-B3C3-F877D9FE712E}.Debug|Any CPU.Build.0 = Debug|Any CPU
		{D1C834CC-F067-4F59-B3C3-F877D9FE712E}.Release|Any CPU.ActiveCfg = Release|Any CPU
		{D1C834CC-F067-4F59-B3C3-F877D9FE712E}.Release|Any CPU.Build.0 = Release|Any CPU
	EndGlobalSection
	GlobalSection(SolutionProperties) = preSolution
		HideSolutionNode = FALSE
	EndGlobalSection
	GlobalSection(ExtensibilityGlobals) = postSolution
		SolutionGuid = {C798BAD9-246A-4A67-BEDF-BB0CF92EBC98}
	EndGlobalSection
EndGlobal
