
Microsoft Visual Studio Solution File, Format Version 12.00
# Visual Studio Version 17
VisualStudioVersion = 17.1.32421.90
MinimumVisualStudioVersion = 10.0.40219.1
Project("{9A19103F-16F7-4668-BE54-9A1E7A4F7556}") = "RtxOn.Console", "RtxOn.Console\RtxOn.Console.csproj", "{4B4BA538-BE88-4ACC-8D87-26207FBBDE2E}"
EndProject
Project("{9A19103F-16F7-4668-BE54-9A1E7A4F7556}") = "RtxOn.Mvc", "RtxOn.Mvc\RtxOn.Mvc.csproj", "{F4A34DB3-16D0-4094-AF50-198DA9F4D227}"
EndProject
Project("{FAE04EC0-301F-11D3-BF4B-00C04F79EFBC}") = "RtxOn.Engine", "RtxOn.Engine\RtxOn.Engine.csproj", "{930679DF-970D-4CE1-A824-1FBB60F8799F}"
EndProject
Global
	GlobalSection(SolutionConfigurationPlatforms) = preSolution
		Debug|Any CPU = Debug|Any CPU
		Release|Any CPU = Release|Any CPU
	EndGlobalSection
	GlobalSection(ProjectConfigurationPlatforms) = postSolution
		{4B4BA538-BE88-4ACC-8D87-26207FBBDE2E}.Debug|Any CPU.ActiveCfg = Debug|Any CPU
		{4B4BA538-BE88-4ACC-8D87-26207FBBDE2E}.Debug|Any CPU.Build.0 = Debug|Any CPU
		{4B4BA538-BE88-4ACC-8D87-26207FBBDE2E}.Release|Any CPU.ActiveCfg = Release|Any CPU
		{4B4BA538-BE88-4ACC-8D87-26207FBBDE2E}.Release|Any CPU.Build.0 = Release|Any CPU
		{F4A34DB3-16D0-4094-AF50-198DA9F4D227}.Debug|Any CPU.ActiveCfg = Debug|Any CPU
		{F4A34DB3-16D0-4094-AF50-198DA9F4D227}.Debug|Any CPU.Build.0 = Debug|Any CPU
		{F4A34DB3-16D0-4094-AF50-198DA9F4D227}.Release|Any CPU.ActiveCfg = Release|Any CPU
		{F4A34DB3-16D0-4094-AF50-198DA9F4D227}.Release|Any CPU.Build.0 = Release|Any CPU
		{930679DF-970D-4CE1-A824-1FBB60F8799F}.Debug|Any CPU.ActiveCfg = Debug|Any CPU
		{930679DF-970D-4CE1-A824-1FBB60F8799F}.Debug|Any CPU.Build.0 = Debug|Any CPU
		{930679DF-970D-4CE1-A824-1FBB60F8799F}.Release|Any CPU.ActiveCfg = Release|Any CPU
		{930679DF-970D-4CE1-A824-1FBB60F8799F}.Release|Any CPU.Build.0 = Release|Any CPU
	EndGlobalSection
	GlobalSection(SolutionProperties) = preSolution
		HideSolutionNode = FALSE
	EndGlobalSection
	GlobalSection(ExtensibilityGlobals) = postSolution
		SolutionGuid = {3CA6D8EF-8D94-4C3D-9CE4-1609E262C954}
	EndGlobalSection
EndGlobal
